
Microsoft Visual Studio Solution File, Format Version 12.00
# Visual Studio Version 16
VisualStudioVersion = 16.0.31424.327
MinimumVisualStudioVersion = 10.0.40219.1
Project("{FAE04EC0-301F-11D3-BF4B-00C04F79EFBC}") = "AnyWashAutotests", "AnyWashAutotests.csproj", "{2F88B146-9E21-4A22-85C4-FD5376E85CD8}"
EndProject
Global
	GlobalSection(SolutionConfigurationPlatforms) = preSolution
		Debug|Any CPU = Debug|Any CPU
		Release|Any CPU = Release|Any CPU
	EndGlobalSection
	GlobalSection(ProjectConfigurationPlatforms) = postSolution
		{2F88B146-9E21-4A22-85C4-FD5376E85CD8}.Debug|Any CPU.ActiveCfg = Debug|Any CPU
		{2F88B146-9E21-4A22-85C4-FD5376E85CD8}.Debug|Any CPU.Build.0 = Debug|Any CPU
		{2F88B146-9E21-4A22-85C4-FD5376E85CD8}.Release|Any CPU.ActiveCfg = Release|Any CPU
		{2F88B146-9E21-4A22-85C4-FD5376E85CD8}.Release|Any CPU.Build.0 = Release|Any CPU
	EndGlobalSection
	GlobalSection(SolutionProperties) = preSolution
		HideSolutionNode = FALSE
	EndGlobalSection
	GlobalSection(ExtensibilityGlobals) = postSolution
		SolutionGuid = {FEF43EB1-2D89-4B34-9F38-65F5EB8FAEFA}
	EndGlobalSection
EndGlobal
